// !$*UTF8*$!
{
	archiveVersion = 1;
	classes = {
	};
	objectVersion = 55;
	objects = {

/* Begin PBXBuildFile section */
		CECC7DC227F33D7900CFF378 /* AfricaApp.swift in Sources */ = {isa = PBXBuildFile; fileRef = CECC7DC127F33D7900CFF378 /* AfricaApp.swift */; };
		CECC7DC427F33D7900CFF378 /* ContentView.swift in Sources */ = {isa = PBXBuildFile; fileRef = CECC7DC327F33D7900CFF378 /* ContentView.swift */; };
		CECC7DC627F33D8400CFF378 /* Assets.xcassets in Resources */ = {isa = PBXBuildFile; fileRef = CECC7DC527F33D8400CFF378 /* Assets.xcassets */; };
		CECC7DC927F33D8400CFF378 /* Preview Assets.xcassets in Resources */ = {isa = PBXBuildFile; fileRef = CECC7DC827F33D8400CFF378 /* Preview Assets.xcassets */; };
		CECC7E0827F343E900CFF378 /* VideoListView.swift in Sources */ = {isa = PBXBuildFile; fileRef = CECC7E0727F343E900CFF378 /* VideoListView.swift */; };
		CECC7E0A27F3441500CFF378 /* MapView.swift in Sources */ = {isa = PBXBuildFile; fileRef = CECC7E0927F3441500CFF378 /* MapView.swift */; };
		CECC7E0C27F3442A00CFF378 /* GalleryView.swift in Sources */ = {isa = PBXBuildFile; fileRef = CECC7E0B27F3442A00CFF378 /* GalleryView.swift */; };
		CECC7E0E27F3443400CFF378 /* MainView.swift in Sources */ = {isa = PBXBuildFile; fileRef = CECC7E0D27F3443400CFF378 /* MainView.swift */; };
		CECC7E1127F348DB00CFF378 /* CoverImageView.swift in Sources */ = {isa = PBXBuildFile; fileRef = CECC7E1027F348DB00CFF378 /* CoverImageView.swift */; };
		CECC7E1427F34D8E00CFF378 /* CoverImageModel.swift in Sources */ = {isa = PBXBuildFile; fileRef = CECC7E1327F34D8E00CFF378 /* CoverImageModel.swift */; };
		CECC7E1727F3505000CFF378 /* CodableBundleExtension.swift in Sources */ = {isa = PBXBuildFile; fileRef = CECC7E1627F3505000CFF378 /* CodableBundleExtension.swift */; };
		CECC7E2127F3A52F00CFF378 /* videos.json in Resources */ = {isa = PBXBuildFile; fileRef = CECC7E1D27F3A52E00CFF378 /* videos.json */; };
		CECC7E2227F3A52F00CFF378 /* animals.json in Resources */ = {isa = PBXBuildFile; fileRef = CECC7E1E27F3A52F00CFF378 /* animals.json */; };
		CECC7E2327F3A52F00CFF378 /* locations.json in Resources */ = {isa = PBXBuildFile; fileRef = CECC7E1F27F3A52F00CFF378 /* locations.json */; };
		CECC7E2427F3A52F00CFF378 /* covers.json in Resources */ = {isa = PBXBuildFile; fileRef = CECC7E2027F3A52F00CFF378 /* covers.json */; };
		CECC7E2827F3A84B00CFF378 /* AnimalListItemView.swift in Sources */ = {isa = PBXBuildFile; fileRef = CECC7E2727F3A84B00CFF378 /* AnimalListItemView.swift */; };
		CECC7E2A27F3A9C800CFF378 /* AnimalModel.swift in Sources */ = {isa = PBXBuildFile; fileRef = CECC7E2927F3A9C800CFF378 /* AnimalModel.swift */; };
		CECC7E2C27F3ACE200CFF378 /* AnimalDetaileView.swift in Sources */ = {isa = PBXBuildFile; fileRef = CECC7E2B27F3ACE200CFF378 /* AnimalDetaileView.swift */; };
		CECC7E2E27F3AF6900CFF378 /* HeadingView.swift in Sources */ = {isa = PBXBuildFile; fileRef = CECC7E2D27F3AF6900CFF378 /* HeadingView.swift */; };
		CECC7E3027F3B0AB00CFF378 /* InsertGalleryview.swift in Sources */ = {isa = PBXBuildFile; fileRef = CECC7E2F27F3B0AB00CFF378 /* InsertGalleryview.swift */; };
		CECC7E3227F3B3E300CFF378 /* InsertfactView.swift in Sources */ = {isa = PBXBuildFile; fileRef = CECC7E3127F3B3E300CFF378 /* InsertfactView.swift */; };
		CECC7E3627F3B64800CFF378 /* InsertMapView.swift in Sources */ = {isa = PBXBuildFile; fileRef = CECC7E3527F3B64800CFF378 /* InsertMapView.swift */; };
		CECC7E3827F47CAB00CFF378 /* ExternalWebLinkView.swift in Sources */ = {isa = PBXBuildFile; fileRef = CECC7E3727F47CAB00CFF378 /* ExternalWebLinkView.swift */; };
		CECC7E3C27F47FB800CFF378 /* VideoModel.swift in Sources */ = {isa = PBXBuildFile; fileRef = CECC7E3B27F47FB800CFF378 /* VideoModel.swift */; };
		CECC7E3E27F4801400CFF378 /* VideoListItemView.swift in Sources */ = {isa = PBXBuildFile; fileRef = CECC7E3D27F4801400CFF378 /* VideoListItemView.swift */; };
		CECC7E4027F4890E00CFF378 /* VideoPlayerView.swift in Sources */ = {isa = PBXBuildFile; fileRef = CECC7E3F27F4890E00CFF378 /* VideoPlayerView.swift */; };
		CECC7E4327F48A9B00CFF378 /* VideoPlayerHelper.swift in Sources */ = {isa = PBXBuildFile; fileRef = CECC7E4227F48A9B00CFF378 /* VideoPlayerHelper.swift */; };
		CECC7E4527F497E000CFF378 /* LocationModel.swift in Sources */ = {isa = PBXBuildFile; fileRef = CECC7E4427F497E000CFF378 /* LocationModel.swift */; };
		CECC7E4727F49D1400CFF378 /* MapAnnotationView.swift in Sources */ = {isa = PBXBuildFile; fileRef = CECC7E4627F49D1400CFF378 /* MapAnnotationView.swift */; };
		CECC7E4927F4AA7400CFF378 /* MotionAnimationView.swift in Sources */ = {isa = PBXBuildFile; fileRef = CECC7E4827F4AA7400CFF378 /* MotionAnimationView.swift */; };
		CECC7E4B27F4EF0000CFF378 /* AnimalGridItemView.swift in Sources */ = {isa = PBXBuildFile; fileRef = CECC7E4A27F4EEFF00CFF378 /* AnimalGridItemView.swift */; };
		CECC7E5127F4F85B00CFF378 /* Stickers.xcassets in Resources */ = {isa = PBXBuildFile; fileRef = CECC7E5027F4F85B00CFF378 /* Stickers.xcassets */; };
		CECC7E5527F4F85C00CFF378 /* Stickers.appex in Embed App Extensions */ = {isa = PBXBuildFile; fileRef = CECC7E4E27F4F85600CFF378 /* Stickers.appex */; platformFilter = ios; settings = {ATTRIBUTES = (RemoveHeadersOnCopy, ); }; };
		CECC7E5B27F4FB3E00CFF378 /* CreditsView.swift in Sources */ = {isa = PBXBuildFile; fileRef = CECC7E5A27F4FB3D00CFF378 /* CreditsView.swift */; };
		CECC7E5E27F4FD8E00CFF378 /* Modifier.swift in Sources */ = {isa = PBXBuildFile; fileRef = CECC7E5D27F4FD8E00CFF378 /* Modifier.swift */; };
		CEEC534827F595AD00F38BF3 /* gorilla.mp4 in Resources */ = {isa = PBXBuildFile; fileRef = CEEC533E27F595AC00F38BF3 /* gorilla.mp4 */; };
		CEEC534927F595AD00F38BF3 /* rhino.mp4 in Resources */ = {isa = PBXBuildFile; fileRef = CEEC533F27F595AD00F38BF3 /* rhino.mp4 */; };
		CEEC534A27F595AD00F38BF3 /* zebra.mp4 in Resources */ = {isa = PBXBuildFile; fileRef = CEEC534027F595AD00F38BF3 /* zebra.mp4 */; };
		CEEC534B27F595AD00F38BF3 /* lioness.mp4 in Resources */ = {isa = PBXBuildFile; fileRef = CEEC534127F595AD00F38BF3 /* lioness.mp4 */; };
		CEEC534C27F595AD00F38BF3 /* hippo.mp4 in Resources */ = {isa = PBXBuildFile; fileRef = CEEC534227F595AD00F38BF3 /* hippo.mp4 */; };
		CEEC534D27F595AD00F38BF3 /* elephant.mp4 in Resources */ = {isa = PBXBuildFile; fileRef = CEEC534327F595AD00F38BF3 /* elephant.mp4 */; };
		CEEC534E27F595AD00F38BF3 /* ostrich.mp4 in Resources */ = {isa = PBXBuildFile; fileRef = CEEC534427F595AD00F38BF3 /* ostrich.mp4 */; };
		CEEC534F27F595AD00F38BF3 /* lion.mp4 in Resources */ = {isa = PBXBuildFile; fileRef = CEEC534527F595AD00F38BF3 /* lion.mp4 */; };
		CEEC535027F595AD00F38BF3 /* cheetah.mp4 in Resources */ = {isa = PBXBuildFile; fileRef = CEEC534627F595AD00F38BF3 /* cheetah.mp4 */; };
		CEEC535127F595AD00F38BF3 /* giraffe.mp4 in Resources */ = {isa = PBXBuildFile; fileRef = CEEC534727F595AD00F38BF3 /* giraffe.mp4 */; };
/* End PBXBuildFile section */

/* Begin PBXContainerItemProxy section */
		CECC7E5327F4F85B00CFF378 /* PBXContainerItemProxy */ = {
			isa = PBXContainerItemProxy;
			containerPortal = CECC7DB627F33D7900CFF378 /* Project object */;
			proxyType = 1;
			remoteGlobalIDString = CECC7E4D27F4F85600CFF378;
			remoteInfo = Stickers;
		};
/* End PBXContainerItemProxy section */

/* Begin PBXCopyFilesBuildPhase section */
		CECC7E5927F4F85C00CFF378 /* Embed App Extensions */ = {
			isa = PBXCopyFilesBuildPhase;
			buildActionMask = 2147483647;
			dstPath = "";
			dstSubfolderSpec = 13;
			files = (
				CECC7E5527F4F85C00CFF378 /* Stickers.appex in Embed App Extensions */,
			);
			name = "Embed App Extensions";
			runOnlyForDeploymentPostprocessing = 0;
		};
/* End PBXCopyFilesBuildPhase section */

/* Begin PBXFileReference section */
		CECC7DBE27F33D7900CFF378 /* Africa.app */ = {isa = PBXFileReference; explicitFileType = wrapper.application; includeInIndex = 0; path = Africa.app; sourceTree = BUILT_PRODUCTS_DIR; };
		CECC7DC127F33D7900CFF378 /* AfricaApp.swift */ = {isa = PBXFileReference; lastKnownFileType = sourcecode.swift; path = AfricaApp.swift; sourceTree = "<group>"; };
		CECC7DC327F33D7900CFF378 /* ContentView.swift */ = {isa = PBXFileReference; lastKnownFileType = sourcecode.swift; path = ContentView.swift; sourceTree = "<group>"; };
		CECC7DC527F33D8400CFF378 /* Assets.xcassets */ = {isa = PBXFileReference; lastKnownFileType = folder.assetcatalog; path = Assets.xcassets; sourceTree = "<group>"; };
		CECC7DC827F33D8400CFF378 /* Preview Assets.xcassets */ = {isa = PBXFileReference; lastKnownFileType = folder.assetcatalog; path = "Preview Assets.xcassets"; sourceTree = "<group>"; };
		CECC7E0527F342B200CFF378 /* Info.plist */ = {isa = PBXFileReference; lastKnownFileType = text.plist; path = Info.plist; sourceTree = "<group>"; };
		CECC7E0727F343E900CFF378 /* VideoListView.swift */ = {isa = PBXFileReference; lastKnownFileType = sourcecode.swift; path = VideoListView.swift; sourceTree = "<group>"; };
		CECC7E0927F3441500CFF378 /* MapView.swift */ = {isa = PBXFileReference; lastKnownFileType = sourcecode.swift; path = MapView.swift; sourceTree = "<group>"; };
		CECC7E0B27F3442A00CFF378 /* GalleryView.swift */ = {isa = PBXFileReference; lastKnownFileType = sourcecode.swift; path = GalleryView.swift; sourceTree = "<group>"; };
		CECC7E0D27F3443400CFF378 /* MainView.swift */ = {isa = PBXFileReference; lastKnownFileType = sourcecode.swift; path = MainView.swift; sourceTree = "<group>"; };
		CECC7E1027F348DB00CFF378 /* CoverImageView.swift */ = {isa = PBXFileReference; lastKnownFileType = sourcecode.swift; path = CoverImageView.swift; sourceTree = "<group>"; };
		CECC7E1327F34D8E00CFF378 /* CoverImageModel.swift */ = {isa = PBXFileReference; lastKnownFileType = sourcecode.swift; path = CoverImageModel.swift; sourceTree = "<group>"; };
		CECC7E1627F3505000CFF378 /* CodableBundleExtension.swift */ = {isa = PBXFileReference; lastKnownFileType = sourcecode.swift; path = CodableBundleExtension.swift; sourceTree = "<group>"; };
		CECC7E1D27F3A52E00CFF378 /* videos.json */ = {isa = PBXFileReference; fileEncoding = 4; lastKnownFileType = text.json; path = videos.json; sourceTree = "<group>"; };
		CECC7E1E27F3A52F00CFF378 /* animals.json */ = {isa = PBXFileReference; fileEncoding = 4; lastKnownFileType = text.json; path = animals.json; sourceTree = "<group>"; };
		CECC7E1F27F3A52F00CFF378 /* locations.json */ = {isa = PBXFileReference; fileEncoding = 4; lastKnownFileType = text.json; path = locations.json; sourceTree = "<group>"; };
		CECC7E2027F3A52F00CFF378 /* covers.json */ = {isa = PBXFileReference; fileEncoding = 4; lastKnownFileType = text.json; path = covers.json; sourceTree = "<group>"; };
		CECC7E2727F3A84B00CFF378 /* AnimalListItemView.swift */ = {isa = PBXFileReference; lastKnownFileType = sourcecode.swift; path = AnimalListItemView.swift; sourceTree = "<group>"; };
		CECC7E2927F3A9C800CFF378 /* AnimalModel.swift */ = {isa = PBXFileReference; lastKnownFileType = sourcecode.swift; path = AnimalModel.swift; sourceTree = "<group>"; };
		CECC7E2B27F3ACE200CFF378 /* AnimalDetaileView.swift */ = {isa = PBXFileReference; lastKnownFileType = sourcecode.swift; path = AnimalDetaileView.swift; sourceTree = "<group>"; };
		CECC7E2D27F3AF6900CFF378 /* HeadingView.swift */ = {isa = PBXFileReference; lastKnownFileType = sourcecode.swift; path = HeadingView.swift; sourceTree = "<group>"; };
		CECC7E2F27F3B0AB00CFF378 /* InsertGalleryview.swift */ = {isa = PBXFileReference; lastKnownFileType = sourcecode.swift; path = InsertGalleryview.swift; sourceTree = "<group>"; };
		CECC7E3127F3B3E300CFF378 /* InsertfactView.swift */ = {isa = PBXFileReference; lastKnownFileType = sourcecode.swift; path = InsertfactView.swift; sourceTree = "<group>"; };
		CECC7E3527F3B64800CFF378 /* InsertMapView.swift */ = {isa = PBXFileReference; lastKnownFileType = sourcecode.swift; path = InsertMapView.swift; sourceTree = "<group>"; };
		CECC7E3727F47CAB00CFF378 /* ExternalWebLinkView.swift */ = {isa = PBXFileReference; lastKnownFileType = sourcecode.swift; path = ExternalWebLinkView.swift; sourceTree = "<group>"; };
		CECC7E3B27F47FB800CFF378 /* VideoModel.swift */ = {isa = PBXFileReference; lastKnownFileType = sourcecode.swift; path = VideoModel.swift; sourceTree = "<group>"; };
		CECC7E3D27F4801400CFF378 /* VideoListItemView.swift */ = {isa = PBXFileReference; lastKnownFileType = sourcecode.swift; path = VideoListItemView.swift; sourceTree = "<group>"; };
		CECC7E3F27F4890E00CFF378 /* VideoPlayerView.swift */ = {isa = PBXFileReference; lastKnownFileType = sourcecode.swift; path = VideoPlayerView.swift; sourceTree = "<group>"; };
		CECC7E4227F48A9B00CFF378 /* VideoPlayerHelper.swift */ = {isa = PBXFileReference; lastKnownFileType = sourcecode.swift; path = VideoPlayerHelper.swift; sourceTree = "<group>"; };
		CECC7E4427F497E000CFF378 /* LocationModel.swift */ = {isa = PBXFileReference; lastKnownFileType = sourcecode.swift; path = LocationModel.swift; sourceTree = "<group>"; };
		CECC7E4627F49D1400CFF378 /* MapAnnotationView.swift */ = {isa = PBXFileReference; lastKnownFileType = sourcecode.swift; path = MapAnnotationView.swift; sourceTree = "<group>"; };
		CECC7E4827F4AA7400CFF378 /* MotionAnimationView.swift */ = {isa = PBXFileReference; lastKnownFileType = sourcecode.swift; path = MotionAnimationView.swift; sourceTree = "<group>"; };
		CECC7E4A27F4EEFF00CFF378 /* AnimalGridItemView.swift */ = {isa = PBXFileReference; lastKnownFileType = sourcecode.swift; path = AnimalGridItemView.swift; sourceTree = "<group>"; };
		CECC7E4E27F4F85600CFF378 /* Stickers.appex */ = {isa = PBXFileReference; explicitFileType = "wrapper.app-extension"; includeInIndex = 0; path = Stickers.appex; sourceTree = BUILT_PRODUCTS_DIR; };
		CECC7E5027F4F85B00CFF378 /* Stickers.xcassets */ = {isa = PBXFileReference; lastKnownFileType = folder.assetcatalog; path = Stickers.xcassets; sourceTree = "<group>"; };
		CECC7E5227F4F85B00CFF378 /* Info.plist */ = {isa = PBXFileReference; lastKnownFileType = text.plist.xml; path = Info.plist; sourceTree = "<group>"; };
		CECC7E5A27F4FB3D00CFF378 /* CreditsView.swift */ = {isa = PBXFileReference; lastKnownFileType = sourcecode.swift; path = CreditsView.swift; sourceTree = "<group>"; };
		CECC7E5D27F4FD8E00CFF378 /* Modifier.swift */ = {isa = PBXFileReference; lastKnownFileType = sourcecode.swift; path = Modifier.swift; sourceTree = "<group>"; };
		CECC7E5F27F4FF9200CFF378 /* Africa.entitlements */ = {isa = PBXFileReference; lastKnownFileType = text.plist.entitlements; path = Africa.entitlements; sourceTree = "<group>"; };
		CEEC533E27F595AC00F38BF3 /* gorilla.mp4 */ = {isa = PBXFileReference; lastKnownFileType = file; path = gorilla.mp4; sourceTree = "<group>"; };
		CEEC533F27F595AD00F38BF3 /* rhino.mp4 */ = {isa = PBXFileReference; lastKnownFileType = file; path = rhino.mp4; sourceTree = "<group>"; };
		CEEC534027F595AD00F38BF3 /* zebra.mp4 */ = {isa = PBXFileReference; lastKnownFileType = file; path = zebra.mp4; sourceTree = "<group>"; };
		CEEC534127F595AD00F38BF3 /* lioness.mp4 */ = {isa = PBXFileReference; lastKnownFileType = file; path = lioness.mp4; sourceTree = "<group>"; };
		CEEC534227F595AD00F38BF3 /* hippo.mp4 */ = {isa = PBXFileReference; lastKnownFileType = file; path = hippo.mp4; sourceTree = "<group>"; };
		CEEC534327F595AD00F38BF3 /* elephant.mp4 */ = {isa = PBXFileReference; lastKnownFileType = file; path = elephant.mp4; sourceTree = "<group>"; };
		CEEC534427F595AD00F38BF3 /* ostrich.mp4 */ = {isa = PBXFileReference; lastKnownFileType = file; path = ostrich.mp4; sourceTree = "<group>"; };
		CEEC534527F595AD00F38BF3 /* lion.mp4 */ = {isa = PBXFileReference; lastKnownFileType = file; path = lion.mp4; sourceTree = "<group>"; };
		CEEC534627F595AD00F38BF3 /* cheetah.mp4 */ = {isa = PBXFileReference; lastKnownFileType = file; path = cheetah.mp4; sourceTree = "<group>"; };
		CEEC534727F595AD00F38BF3 /* giraffe.mp4 */ = {isa = PBXFileReference; lastKnownFileType = file; path = giraffe.mp4; sourceTree = "<group>"; };
/* End PBXFileReference section */

/* Begin PBXFrameworksBuildPhase section */
		CECC7DBB27F33D7900CFF378 /* Frameworks */ = {
			isa = PBXFrameworksBuildPhase;
			buildActionMask = 2147483647;
			files = (
			);
			runOnlyForDeploymentPostprocessing = 0;
		};
/* End PBXFrameworksBuildPhase section */

/* Begin PBXGroup section */
		CECC7DB527F33D7900CFF378 = {
			isa = PBXGroup;
			children = (
				CECC7DC027F33D7900CFF378 /* Africa */,
				CECC7E4F27F4F85700CFF378 /* Stickers */,
				CECC7DBF27F33D7900CFF378 /* Products */,
			);
			sourceTree = "<group>";
		};
		CECC7DBF27F33D7900CFF378 /* Products */ = {
			isa = PBXGroup;
			children = (
				CECC7DBE27F33D7900CFF378 /* Africa.app */,
				CECC7E4E27F4F85600CFF378 /* Stickers.appex */,
			);
			name = Products;
			sourceTree = "<group>";
		};
		CECC7DC027F33D7900CFF378 /* Africa */ = {
			isa = PBXGroup;
			children = (
				CEEC533D27F5955400F38BF3 /* Video */,
				CECC7E5F27F4FF9200CFF378 /* Africa.entitlements */,
				CECC7E5C27F4FD7700CFF378 /* Modifier */,
				CECC7E4127F48A8000CFF378 /* Util */,
				CECC7E0527F342B200CFF378 /* Info.plist */,
				CECC7E1527F3503800CFF378 /* Extension */,
				CECC7E1C27F3A51500CFF378 /* Data */,
				CECC7E1227F34D7A00CFF378 /* Model */,
				CECC7E0F27F348C000CFF378 /* View */,
				CECC7E0627F3439700CFF378 /* App */,
				CECC7DC527F33D8400CFF378 /* Assets.xcassets */,
				CECC7DC727F33D8400CFF378 /* Preview Content */,
			);
			path = Africa;
			sourceTree = "<group>";
		};
		CECC7DC727F33D8400CFF378 /* Preview Content */ = {
			isa = PBXGroup;
			children = (
				CECC7DC827F33D8400CFF378 /* Preview Assets.xcassets */,
			);
			path = "Preview Content";
			sourceTree = "<group>";
		};
		CECC7E0627F3439700CFF378 /* App */ = {
			isa = PBXGroup;
			children = (
				CECC7DC127F33D7900CFF378 /* AfricaApp.swift */,
				CECC7DC327F33D7900CFF378 /* ContentView.swift */,
				CECC7E0727F343E900CFF378 /* VideoListView.swift */,
				CECC7E0927F3441500CFF378 /* MapView.swift */,
				CECC7E0B27F3442A00CFF378 /* GalleryView.swift */,
				CECC7E0D27F3443400CFF378 /* MainView.swift */,
			);
			path = App;
			sourceTree = "<group>";
		};
		CECC7E0F27F348C000CFF378 /* View */ = {
			isa = PBXGroup;
			children = (
				CECC7E1027F348DB00CFF378 /* CoverImageView.swift */,
				CECC7E2727F3A84B00CFF378 /* AnimalListItemView.swift */,
				CECC7E2B27F3ACE200CFF378 /* AnimalDetaileView.swift */,
				CECC7E2D27F3AF6900CFF378 /* HeadingView.swift */,
				CECC7E2F27F3B0AB00CFF378 /* InsertGalleryview.swift */,
				CECC7E3127F3B3E300CFF378 /* InsertfactView.swift */,
				CECC7E3527F3B64800CFF378 /* InsertMapView.swift */,
				CECC7E3727F47CAB00CFF378 /* ExternalWebLinkView.swift */,
				CECC7E3D27F4801400CFF378 /* VideoListItemView.swift */,
				CECC7E3F27F4890E00CFF378 /* VideoPlayerView.swift */,
				CECC7E4627F49D1400CFF378 /* MapAnnotationView.swift */,
				CECC7E4827F4AA7400CFF378 /* MotionAnimationView.swift */,
				CECC7E4A27F4EEFF00CFF378 /* AnimalGridItemView.swift */,
				CECC7E5A27F4FB3D00CFF378 /* CreditsView.swift */,
			);
			path = View;
			sourceTree = "<group>";
		};
		CECC7E1227F34D7A00CFF378 /* Model */ = {
			isa = PBXGroup;
			children = (
				CECC7E1327F34D8E00CFF378 /* CoverImageModel.swift */,
				CECC7E2927F3A9C800CFF378 /* AnimalModel.swift */,
				CECC7E3B27F47FB800CFF378 /* VideoModel.swift */,
				CECC7E4427F497E000CFF378 /* LocationModel.swift */,
			);
			path = Model;
			sourceTree = "<group>";
		};
		CECC7E1527F3503800CFF378 /* Extension */ = {
			isa = PBXGroup;
			children = (
				CECC7E1627F3505000CFF378 /* CodableBundleExtension.swift */,
			);
			path = Extension;
			sourceTree = "<group>";
		};
		CECC7E1C27F3A51500CFF378 /* Data */ = {
			isa = PBXGroup;
			children = (
				CECC7E1E27F3A52F00CFF378 /* animals.json */,
				CECC7E2027F3A52F00CFF378 /* covers.json */,
				CECC7E1F27F3A52F00CFF378 /* locations.json */,
				CECC7E1D27F3A52E00CFF378 /* videos.json */,
			);
			path = Data;
			sourceTree = "<group>";
		};
		CECC7E4127F48A8000CFF378 /* Util */ = {
			isa = PBXGroup;
			children = (
				CECC7E4227F48A9B00CFF378 /* VideoPlayerHelper.swift */,
			);
			path = Util;
			sourceTree = "<group>";
		};
		CECC7E4F27F4F85700CFF378 /* Stickers */ = {
			isa = PBXGroup;
			children = (
				CECC7E5027F4F85B00CFF378 /* Stickers.xcassets */,
				CECC7E5227F4F85B00CFF378 /* Info.plist */,
			);
			path = Stickers;
			sourceTree = "<group>";
		};
		CECC7E5C27F4FD7700CFF378 /* Modifier */ = {
			isa = PBXGroup;
			children = (
				CECC7E5D27F4FD8E00CFF378 /* Modifier.swift */,
			);
			path = Modifier;
			sourceTree = "<group>";
		};
		CEEC533D27F5955400F38BF3 /* Video */ = {
			isa = PBXGroup;
			children = (
				CEEC534627F595AD00F38BF3 /* cheetah.mp4 */,
				CEEC534327F595AD00F38BF3 /* elephant.mp4 */,
				CEEC534727F595AD00F38BF3 /* giraffe.mp4 */,
				CEEC533E27F595AC00F38BF3 /* gorilla.mp4 */,
				CEEC534227F595AD00F38BF3 /* hippo.mp4 */,
				CEEC534527F595AD00F38BF3 /* lion.mp4 */,
				CEEC534127F595AD00F38BF3 /* lioness.mp4 */,
				CEEC534427F595AD00F38BF3 /* ostrich.mp4 */,
				CEEC533F27F595AD00F38BF3 /* rhino.mp4 */,
				CEEC534027F595AD00F38BF3 /* zebra.mp4 */,
			);
			path = Video;
			sourceTree = "<group>";
		};
/* End PBXGroup section */

/* Begin PBXNativeTarget section */
		CECC7DBD27F33D7900CFF378 /* Africa */ = {
			isa = PBXNativeTarget;
			buildConfigurationList = CECC7DCC27F33D8400CFF378 /* Build configuration list for PBXNativeTarget "Africa" */;
			buildPhases = (
				CECC7DBA27F33D7900CFF378 /* Sources */,
				CECC7DBB27F33D7900CFF378 /* Frameworks */,
				CECC7DBC27F33D7900CFF378 /* Resources */,
				CECC7E5927F4F85C00CFF378 /* Embed App Extensions */,
			);
			buildRules = (
			);
			dependencies = (
				CECC7E5427F4F85B00CFF378 /* PBXTargetDependency */,
			);
			name = Africa;
			productName = Africa;
			productReference = CECC7DBE27F33D7900CFF378 /* Africa.app */;
			productType = "com.apple.product-type.application";
		};
		CECC7E4D27F4F85600CFF378 /* Stickers */ = {
			isa = PBXNativeTarget;
			buildConfigurationList = CECC7E5627F4F85C00CFF378 /* Build configuration list for PBXNativeTarget "Stickers" */;
			buildPhases = (
				CECC7E4C27F4F85600CFF378 /* Resources */,
			);
			buildRules = (
			);
			dependencies = (
			);
			name = Stickers;
			productName = Stickers;
			productReference = CECC7E4E27F4F85600CFF378 /* Stickers.appex */;
			productType = "com.apple.product-type.app-extension.messages-sticker-pack";
		};
/* End PBXNativeTarget section */

/* Begin PBXProject section */
		CECC7DB627F33D7900CFF378 /* Project object */ = {
			isa = PBXProject;
			attributes = {
				BuildIndependentTargetsInParallel = 1;
				LastSwiftUpdateCheck = 1330;
				LastUpgradeCheck = 1330;
				TargetAttributes = {
					CECC7DBD27F33D7900CFF378 = {
						CreatedOnToolsVersion = 13.3;
					};
					CECC7E4D27F4F85600CFF378 = {
						CreatedOnToolsVersion = 13.3;
					};
				};
			};
			buildConfigurationList = CECC7DB927F33D7900CFF378 /* Build configuration list for PBXProject "Africa" */;
			compatibilityVersion = "Xcode 13.0";
			developmentRegion = en;
			hasScannedForEncodings = 0;
			knownRegions = (
				en,
				Base,
			);
			mainGroup = CECC7DB527F33D7900CFF378;
			productRefGroup = CECC7DBF27F33D7900CFF378 /* Products */;
			projectDirPath = "";
			projectRoot = "";
			targets = (
				CECC7DBD27F33D7900CFF378 /* Africa */,
				CECC7E4D27F4F85600CFF378 /* Stickers */,
			);
		};
/* End PBXProject section */

/* Begin PBXResourcesBuildPhase section */
		CECC7DBC27F33D7900CFF378 /* Resources */ = {
			isa = PBXResourcesBuildPhase;
			buildActionMask = 2147483647;
			files = (
				CEEC534927F595AD00F38BF3 /* rhino.mp4 in Resources */,
				CEEC534C27F595AD00F38BF3 /* hippo.mp4 in Resources */,
				CECC7E2227F3A52F00CFF378 /* animals.json in Resources */,
				CECC7E2327F3A52F00CFF378 /* locations.json in Resources */,
				CECC7DC927F33D8400CFF378 /* Preview Assets.xcassets in Resources */,
				CEEC534827F595AD00F38BF3 /* gorilla.mp4 in Resources */,
				CEEC534E27F595AD00F38BF3 /* ostrich.mp4 in Resources */,
				CECC7E2127F3A52F00CFF378 /* videos.json in Resources */,
				CECC7DC627F33D8400CFF378 /* Assets.xcassets in Resources */,
				CEEC534F27F595AD00F38BF3 /* lion.mp4 in Resources */,
				CEEC534D27F595AD00F38BF3 /* elephant.mp4 in Resources */,
				CEEC535027F595AD00F38BF3 /* cheetah.mp4 in Resources */,
				CEEC534B27F595AD00F38BF3 /* lioness.mp4 in Resources */,
				CEEC534A27F595AD00F38BF3 /* zebra.mp4 in Resources */,
				CEEC535127F595AD00F38BF3 /* giraffe.mp4 in Resources */,
				CECC7E2427F3A52F00CFF378 /* covers.json in Resources */,
			);
			runOnlyForDeploymentPostprocessing = 0;
		};
		CECC7E4C27F4F85600CFF378 /* Resources */ = {
			isa = PBXResourcesBuildPhase;
			buildActionMask = 2147483647;
			files = (
				CECC7E5127F4F85B00CFF378 /* Stickers.xcassets in Resources */,
			);
			runOnlyForDeploymentPostprocessing = 0;
		};
/* End PBXResourcesBuildPhase section */

/* Begin PBXSourcesBuildPhase section */
		CECC7DBA27F33D7900CFF378 /* Sources */ = {
			isa = PBXSourcesBuildPhase;
			buildActionMask = 2147483647;
			files = (
				CECC7DC427F33D7900CFF378 /* ContentView.swift in Sources */,
				CECC7E2827F3A84B00CFF378 /* AnimalListItemView.swift in Sources */,
				CECC7E0E27F3443400CFF378 /* MainView.swift in Sources */,
				CECC7E2C27F3ACE200CFF378 /* AnimalDetaileView.swift in Sources */,
				CECC7E3027F3B0AB00CFF378 /* InsertGalleryview.swift in Sources */,
				CECC7E1127F348DB00CFF378 /* CoverImageView.swift in Sources */,
				CECC7E1427F34D8E00CFF378 /* CoverImageModel.swift in Sources */,
				CECC7E2A27F3A9C800CFF378 /* AnimalModel.swift in Sources */,
				CECC7E0A27F3441500CFF378 /* MapView.swift in Sources */,
				CECC7E3227F3B3E300CFF378 /* InsertfactView.swift in Sources */,
				CECC7E4327F48A9B00CFF378 /* VideoPlayerHelper.swift in Sources */,
				CECC7DC227F33D7900CFF378 /* AfricaApp.swift in Sources */,
				CECC7E3827F47CAB00CFF378 /* ExternalWebLinkView.swift in Sources */,
				CECC7E4727F49D1400CFF378 /* MapAnnotationView.swift in Sources */,
				CECC7E0827F343E900CFF378 /* VideoListView.swift in Sources */,
				CECC7E3C27F47FB800CFF378 /* VideoModel.swift in Sources */,
				CECC7E3627F3B64800CFF378 /* InsertMapView.swift in Sources */,
				CECC7E4527F497E000CFF378 /* LocationModel.swift in Sources */,
				CECC7E4B27F4EF0000CFF378 /* AnimalGridItemView.swift in Sources */,
				CECC7E0C27F3442A00CFF378 /* GalleryView.swift in Sources */,
				CECC7E3E27F4801400CFF378 /* VideoListItemView.swift in Sources */,
				CECC7E5B27F4FB3E00CFF378 /* CreditsView.swift in Sources */,
				CECC7E1727F3505000CFF378 /* CodableBundleExtension.swift in Sources */,
				CECC7E4927F4AA7400CFF378 /* MotionAnimationView.swift in Sources */,
				CECC7E2E27F3AF6900CFF378 /* HeadingView.swift in Sources */,
				CECC7E4027F4890E00CFF378 /* VideoPlayerView.swift in Sources */,
				CECC7E5E27F4FD8E00CFF378 /* Modifier.swift in Sources */,
			);
			runOnlyForDeploymentPostprocessing = 0;
		};
/* End PBXSourcesBuildPhase section */

/* Begin PBXTargetDependency section */
		CECC7E5427F4F85B00CFF378 /* PBXTargetDependency */ = {
			isa = PBXTargetDependency;
			platformFilter = ios;
			target = CECC7E4D27F4F85600CFF378 /* Stickers */;
			targetProxy = CECC7E5327F4F85B00CFF378 /* PBXContainerItemProxy */;
		};
/* End PBXTargetDependency section */

/* Begin XCBuildConfiguration section */
		CECC7DCA27F33D8400CFF378 /* Debug */ = {
			isa = XCBuildConfiguration;
			buildSettings = {
				ALWAYS_SEARCH_USER_PATHS = NO;
				CLANG_ANALYZER_NONNULL = YES;
				CLANG_ANALYZER_NUMBER_OBJECT_CONVERSION = YES_AGGRESSIVE;
				CLANG_CXX_LANGUAGE_STANDARD = "gnu++17";
				CLANG_ENABLE_MODULES = YES;
				CLANG_ENABLE_OBJC_ARC = YES;
				CLANG_ENABLE_OBJC_WEAK = YES;
				CLANG_WARN_BLOCK_CAPTURE_AUTORELEASING = YES;
				CLANG_WARN_BOOL_CONVERSION = YES;
				CLANG_WARN_COMMA = YES;
				CLANG_WARN_CONSTANT_CONVERSION = YES;
				CLANG_WARN_DEPRECATED_OBJC_IMPLEMENTATIONS = YES;
				CLANG_WARN_DIRECT_OBJC_ISA_USAGE = YES_ERROR;
				CLANG_WARN_DOCUMENTATION_COMMENTS = YES;
				CLANG_WARN_EMPTY_BODY = YES;
				CLANG_WARN_ENUM_CONVERSION = YES;
				CLANG_WARN_INFINITE_RECURSION = YES;
				CLANG_WARN_INT_CONVERSION = YES;
				CLANG_WARN_NON_LITERAL_NULL_CONVERSION = YES;
				CLANG_WARN_OBJC_IMPLICIT_RETAIN_SELF = YES;
				CLANG_WARN_OBJC_LITERAL_CONVERSION = YES;
				CLANG_WARN_OBJC_ROOT_CLASS = YES_ERROR;
				CLANG_WARN_QUOTED_INCLUDE_IN_FRAMEWORK_HEADER = YES;
				CLANG_WARN_RANGE_LOOP_ANALYSIS = YES;
				CLANG_WARN_STRICT_PROTOTYPES = YES;
				CLANG_WARN_SUSPICIOUS_MOVE = YES;
				CLANG_WARN_UNGUARDED_AVAILABILITY = YES_AGGRESSIVE;
				CLANG_WARN_UNREACHABLE_CODE = YES;
				CLANG_WARN__DUPLICATE_METHOD_MATCH = YES;
				COPY_PHASE_STRIP = NO;
				DEBUG_INFORMATION_FORMAT = dwarf;
				ENABLE_STRICT_OBJC_MSGSEND = YES;
				ENABLE_TESTABILITY = YES;
				GCC_C_LANGUAGE_STANDARD = gnu11;
				GCC_DYNAMIC_NO_PIC = NO;
				GCC_NO_COMMON_BLOCKS = YES;
				GCC_OPTIMIZATION_LEVEL = 0;
				GCC_PREPROCESSOR_DEFINITIONS = (
					"DEBUG=1",
					"$(inherited)",
				);
				GCC_WARN_64_TO_32_BIT_CONVERSION = YES;
				GCC_WARN_ABOUT_RETURN_TYPE = YES_ERROR;
				GCC_WARN_UNDECLARED_SELECTOR = YES;
				GCC_WARN_UNINITIALIZED_AUTOS = YES_AGGRESSIVE;
				GCC_WARN_UNUSED_FUNCTION = YES;
				GCC_WARN_UNUSED_VARIABLE = YES;
				IPHONEOS_DEPLOYMENT_TARGET = 15.4;
				MTL_ENABLE_DEBUG_INFO = INCLUDE_SOURCE;
				MTL_FAST_MATH = YES;
				ONLY_ACTIVE_ARCH = YES;
				SDKROOT = iphoneos;
				SWIFT_ACTIVE_COMPILATION_CONDITIONS = DEBUG;
				SWIFT_OPTIMIZATION_LEVEL = "-Onone";
			};
			name = Debug;
		};
		CECC7DCB27F33D8400CFF378 /* Release */ = {
			isa = XCBuildConfiguration;
			buildSettings = {
				ALWAYS_SEARCH_USER_PATHS = NO;
				CLANG_ANALYZER_NONNULL = YES;
				CLANG_ANALYZER_NUMBER_OBJECT_CONVERSION = YES_AGGRESSIVE;
				CLANG_CXX_LANGUAGE_STANDARD = "gnu++17";
				CLANG_ENABLE_MODULES = YES;
				CLANG_ENABLE_OBJC_ARC = YES;
				CLANG_ENABLE_OBJC_WEAK = YES;
				CLANG_WARN_BLOCK_CAPTURE_AUTORELEASING = YES;
				CLANG_WARN_BOOL_CONVERSION = YES;
				CLANG_WARN_COMMA = YES;
				CLANG_WARN_CONSTANT_CONVERSION = YES;
				CLANG_WARN_DEPRECATED_OBJC_IMPLEMENTATIONS = YES;
				CLANG_WARN_DIRECT_OBJC_ISA_USAGE = YES_ERROR;
				CLANG_WARN_DOCUMENTATION_COMMENTS = YES;
				CLANG_WARN_EMPTY_BODY = YES;
				CLANG_WARN_ENUM_CONVERSION = YES;
				CLANG_WARN_INFINITE_RECURSION = YES;
				CLANG_WARN_INT_CONVERSION = YES;
				CLANG_WARN_NON_LITERAL_NULL_CONVERSION = YES;
				CLANG_WARN_OBJC_IMPLICIT_RETAIN_SELF = YES;
				CLANG_WARN_OBJC_LITERAL_CONVERSION = YES;
				CLANG_WARN_OBJC_ROOT_CLASS = YES_ERROR;
				CLANG_WARN_QUOTED_INCLUDE_IN_FRAMEWORK_HEADER = YES;
				CLANG_WARN_RANGE_LOOP_ANALYSIS = YES;
				CLANG_WARN_STRICT_PROTOTYPES = YES;
				CLANG_WARN_SUSPICIOUS_MOVE = YES;
				CLANG_WARN_UNGUARDED_AVAILABILITY = YES_AGGRESSIVE;
				CLANG_WARN_UNREACHABLE_CODE = YES;
				CLANG_WARN__DUPLICATE_METHOD_MATCH = YES;
				COPY_PHASE_STRIP = NO;
				DEBUG_INFORMATION_FORMAT = "dwarf-with-dsym";
				ENABLE_NS_ASSERTIONS = NO;
				ENABLE_STRICT_OBJC_MSGSEND = YES;
				GCC_C_LANGUAGE_STANDARD = gnu11;
				GCC_NO_COMMON_BLOCKS = YES;
				GCC_WARN_64_TO_32_BIT_CONVERSION = YES;
				GCC_WARN_ABOUT_RETURN_TYPE = YES_ERROR;
				GCC_WARN_UNDECLARED_SELECTOR = YES;
				GCC_WARN_UNINITIALIZED_AUTOS = YES_AGGRESSIVE;
				GCC_WARN_UNUSED_FUNCTION = YES;
				GCC_WARN_UNUSED_VARIABLE = YES;
				IPHONEOS_DEPLOYMENT_TARGET = 15.4;
				MTL_ENABLE_DEBUG_INFO = NO;
				MTL_FAST_MATH = YES;
				SDKROOT = iphoneos;
				SWIFT_COMPILATION_MODE = wholemodule;
				SWIFT_OPTIMIZATION_LEVEL = "-O";
				VALIDATE_PRODUCT = YES;
			};
			name = Release;
		};
		CECC7DCD27F33D8400CFF378 /* Debug */ = {
			isa = XCBuildConfiguration;
			buildSettings = {
				ASSETCATALOG_COMPILER_APPICON_NAME = AppIcon;
				ASSETCATALOG_COMPILER_GLOBAL_ACCENT_COLOR_NAME = AccentColor;
				CODE_SIGN_ENTITLEMENTS = Africa/Africa.entitlements;
				CODE_SIGN_STYLE = Automatic;
				CURRENT_PROJECT_VERSION = 1;
				DEVELOPMENT_ASSET_PATHS = "\"Africa/Preview Content\"";
				DEVELOPMENT_TEAM = J69KB9AJDV;
				ENABLE_PREVIEWS = YES;
				GENERATE_INFOPLIST_FILE = YES;
				INFOPLIST_FILE = Africa/Info.plist;
				INFOPLIST_KEY_UIApplicationSceneManifest_Generation = YES;
				INFOPLIST_KEY_UIApplicationSupportsIndirectInputEvents = YES;
				INFOPLIST_KEY_UISupportedInterfaceOrientations_iPad = "UIInterfaceOrientationPortrait UIInterfaceOrientationPortraitUpsideDown UIInterfaceOrientationLandscapeLeft UIInterfaceOrientationLandscapeRight";
				INFOPLIST_KEY_UISupportedInterfaceOrientations_iPhone = "UIInterfaceOrientationPortrait UIInterfaceOrientationLandscapeLeft UIInterfaceOrientationLandscapeRight";
				INFOPLIST_KEY_UIUserInterfaceStyle = Dark;
				LD_RUNPATH_SEARCH_PATHS = (
					"$(inherited)",
					"@executable_path/Frameworks",
				);
				MARKETING_VERSION = 1.0;
				PRODUCT_BUNDLE_IDENTIFIER = com.wyyksoftsinc.Africa;
				PRODUCT_NAME = "$(TARGET_NAME)";
				SUPPORTS_MACCATALYST = YES;
				SWIFT_EMIT_LOC_STRINGS = YES;
				SWIFT_VERSION = 5.0;
				TARGETED_DEVICE_FAMILY = "1,2";
			};
			name = Debug;
		};
		CECC7DCE27F33D8400CFF378 /* Release */ = {
			isa = XCBuildConfiguration;
			buildSettings = {
				ASSETCATALOG_COMPILER_APPICON_NAME = AppIcon;
				ASSETCATALOG_COMPILER_GLOBAL_ACCENT_COLOR_NAME = AccentColor;
				CODE_SIGN_ENTITLEMENTS = Africa/Africa.entitlements;
				CODE_SIGN_STYLE = Automatic;
				CURRENT_PROJECT_VERSION = 1;
				DEVELOPMENT_ASSET_PATHS = "\"Africa/Preview Content\"";
				DEVELOPMENT_TEAM = J69KB9AJDV;
				ENABLE_PREVIEWS = YES;
				GENERATE_INFOPLIST_FILE = YES;
				INFOPLIST_FILE = Africa/Info.plist;
				INFOPLIST_KEY_UIApplicationSceneManifest_Generation = YES;
				INFOPLIST_KEY_UIApplicationSupportsIndirectInputEvents = YES;
				INFOPLIST_KEY_UISupportedInterfaceOrientations_iPad = "UIInterfaceOrientationPortrait UIInterfaceOrientationPortraitUpsideDown UIInterfaceOrientationLandscapeLeft UIInterfaceOrientationLandscapeRight";
				INFOPLIST_KEY_UISupportedInterfaceOrientations_iPhone = "UIInterfaceOrientationPortrait UIInterfaceOrientationLandscapeLeft UIInterfaceOrientationLandscapeRight";
				INFOPLIST_KEY_UIUserInterfaceStyle = Dark;
				LD_RUNPATH_SEARCH_PATHS = (
					"$(inherited)",
					"@executable_path/Frameworks",
				);
				MARKETING_VERSION = 1.0;
				PRODUCT_BUNDLE_IDENTIFIER = com.wyyksoftsinc.Africa;
				PRODUCT_NAME = "$(TARGET_NAME)";
				SUPPORTS_MACCATALYST = YES;
				SWIFT_EMIT_LOC_STRINGS = YES;
				SWIFT_VERSION = 5.0;
				TARGETED_DEVICE_FAMILY = "1,2";
			};
			name = Release;
		};
		CECC7E5727F4F85C00CFF378 /* Debug */ = {
			isa = XCBuildConfiguration;
			buildSettings = {
				ASSETCATALOG_COMPILER_APPICON_NAME = "iMessage App Icon";
				CODE_SIGN_STYLE = Automatic;
				CURRENT_PROJECT_VERSION = 1;
				DEVELOPMENT_TEAM = J69KB9AJDV;
				GENERATE_INFOPLIST_FILE = YES;
				INFOPLIST_FILE = Stickers/Info.plist;
				INFOPLIST_KEY_CFBundleDisplayName = "Africa Stickers";
				IPHONEOS_DEPLOYMENT_TARGET = 10.0;
				MARKETING_VERSION = 1.0;
				PRODUCT_BUNDLE_IDENTIFIER = com.wyyksoftsinc.Africa.Stickers;
				PRODUCT_NAME = "$(TARGET_NAME)";
				SKIP_INSTALL = YES;
				SUPPORTS_MACCATALYST = NO;
				SWIFT_EMIT_LOC_STRINGS = YES;
				TARGETED_DEVICE_FAMILY = "1,2";
			};
			name = Debug;
		};
		CECC7E5827F4F85C00CFF378 /* Release */ = {
			isa = XCBuildConfiguration;
			buildSettings = {
				ASSETCATALOG_COMPILER_APPICON_NAME = "iMessage App Icon";
				CODE_SIGN_STYLE = Automatic;
				CURRENT_PROJECT_VERSION = 1;
				DEVELOPMENT_TEAM = J69KB9AJDV;
				GENERATE_INFOPLIST_FILE = YES;
				INFOPLIST_FILE = Stickers/Info.plist;
				INFOPLIST_KEY_CFBundleDisplayName = "Africa Stickers";
				IPHONEOS_DEPLOYMENT_TARGET = 10.0;
				MARKETING_VERSION = 1.0;
				PRODUCT_BUNDLE_IDENTIFIER = com.wyyksoftsinc.Africa.Stickers;
				PRODUCT_NAME = "$(TARGET_NAME)";
				SKIP_INSTALL = YES;
				SUPPORTS_MACCATALYST = NO;
				SWIFT_EMIT_LOC_STRINGS = YES;
				TARGETED_DEVICE_FAMILY = "1,2";
			};
			name = Release;
		};
/* End XCBuildConfiguration section */

/* Begin XCConfigurationList section */
		CECC7DB927F33D7900CFF378 /* Build configuration list for PBXProject "Africa" */ = {
			isa = XCConfigurationList;
			buildConfigurations = (
				CECC7DCA27F33D8400CFF378 /* Debug */,
				CECC7DCB27F33D8400CFF378 /* Release */,
			);
			defaultConfigurationIsVisible = 0;
			defaultConfigurationName = Release;
		};
		CECC7DCC27F33D8400CFF378 /* Build configuration list for PBXNativeTarget "Africa" */ = {
			isa = XCConfigurationList;
			buildConfigurations = (
				CECC7DCD27F33D8400CFF378 /* Debug */,
				CECC7DCE27F33D8400CFF378 /* Release */,
			);
			defaultConfigurationIsVisible = 0;
			defaultConfigurationName = Release;
		};
		CECC7E5627F4F85C00CFF378 /* Build configuration list for PBXNativeTarget "Stickers" */ = {
			isa = XCConfigurationList;
			buildConfigurations = (
				CECC7E5727F4F85C00CFF378 /* Debug */,
				CECC7E5827F4F85C00CFF378 /* Release */,
			);
			defaultConfigurationIsVisible = 0;
			defaultConfigurationName = Release;
		};
/* End XCConfigurationList section */
	};
	rootObject = CECC7DB627F33D7900CFF378 /* Project object */;
}
